
Microsoft Visual Studio Solution File, Format Version 12.00
# Visual Studio Version 16
VisualStudioVersion = 16.0.30717.126
MinimumVisualStudioVersion = 10.0.40219.1
Project("{8BC9CEB8-8B4A-11D0-8D11-00A0C91BC942}") = "EventMessageFile", "EventMessageFile\EventMessageFile.vcxproj", "{8A901BA0-5840-47B9-8DE4-37CF0B866CE4}"
EndProject
Global
	GlobalSection(SolutionConfigurationPlatforms) = preSolution
		Debug|x64 = Debug|x64
		Debug|x86 = Debug|x86
		Release|x64 = Release|x64
		Release|x86 = Release|x86
	EndGlobalSection
	GlobalSection(ProjectConfigurationPlatforms) = postSolution
		{8A901BA0-5840-47B9-8DE4-37CF0B866CE4}.Debug|x64.ActiveCfg = Debug|x64
		{8A901BA0-5840-47B9-8DE4-37CF0B866CE4}.Debug|x64.Build.0 = Debug|x64
		{8A901BA0-5840-47B9-8DE4-37CF0B866CE4}.Debug|x86.ActiveCfg = Debug|Win32
		{8A901BA0-5840-47B9-8DE4-37CF0B866CE4}.Debug|x86.Build.0 = Debug|Win32
		{8A901BA0-5840-47B9-8DE4-37CF0B866CE4}.Release|x64.ActiveCfg = Release|x64
		{8A901BA0-5840-47B9-8DE4-37CF0B866CE4}.Release|x64.Build.0 = Release|x64
		{8A901BA0-5840-47B9-8DE4-37CF0B866CE4}.Release|x86.ActiveCfg = Release|Win32
		{8A901BA0-5840-47B9-8DE4-37CF0B866CE4}.Release|x86.Build.0 = Release|Win32
	EndGlobalSection
	GlobalSection(SolutionProperties) = preSolution
		HideSolutionNode = FALSE
	EndGlobalSection
	GlobalSection(ExtensibilityGlobals) = postSolution
		SolutionGuid = {5FED6520-EF11-4C35-8B68-CC44D0AAA32D}
	EndGlobalSection
EndGlobal
